
Microsoft Visual Studio Solution File, Format Version 12.00
# Visual Studio Version 16
VisualStudioVersion = 16.0.31112.23
MinimumVisualStudioVersion = 10.0.40219.1
Project("{FAE04EC0-301F-11D3-BF4B-00C04F79EFBC}") = "task1", "task1\task1.csproj", "{4CF8C3DC-EE78-403E-81CD-CEF097851B68}"
EndProject
Project("{FAE04EC0-301F-11D3-BF4B-00C04F79EFBC}") = "task2", "task2\task2.csproj", "{615A6B5A-F365-45C1-A7F6-316603811EE4}"
EndProject
Global
	GlobalSection(SolutionConfigurationPlatforms) = preSolution
		Debug|Any CPU = Debug|Any CPU
		Release|Any CPU = Release|Any CPU
	EndGlobalSection
	GlobalSection(ProjectConfigurationPlatforms) = postSolution
		{4CF8C3DC-EE78-403E-81CD-CEF097851B68}.Debug|Any CPU.ActiveCfg = Debug|Any CPU
		{4CF8C3DC-EE78-403E-81CD-CEF097851B68}.Debug|Any CPU.Build.0 = Debug|Any CPU
		{4CF8C3DC-EE78-403E-81CD-CEF097851B68}.Release|Any CPU.ActiveCfg = Release|Any CPU
		{4CF8C3DC-EE78-403E-81CD-CEF097851B68}.Release|Any CPU.Build.0 = Release|Any CPU
		{615A6B5A-F365-45C1-A7F6-316603811EE4}.Debug|Any CPU.ActiveCfg = Debug|Any CPU
		{615A6B5A-F365-45C1-A7F6-316603811EE4}.Debug|Any CPU.Build.0 = Debug|Any CPU
		{615A6B5A-F365-45C1-A7F6-316603811EE4}.Release|Any CPU.ActiveCfg = Release|Any CPU
		{615A6B5A-F365-45C1-A7F6-316603811EE4}.Release|Any CPU.Build.0 = Release|Any CPU
	EndGlobalSection
	GlobalSection(SolutionProperties) = preSolution
		HideSolutionNode = FALSE
	EndGlobalSection
	GlobalSection(ExtensibilityGlobals) = postSolution
		SolutionGuid = {23BAE216-D660-40FC-87E7-44958F9F79E3}
	EndGlobalSection
EndGlobal
